{
  "requires": true,
  "lockfileVersion": 1,
  "dependencies": {
    "@vue-a11y/dark-mode": {
      "version": "1.1.1",
      "resolved": "https://registry.npm.taobao.org/@vue-a11y/dark-mode/download/@vue-a11y/dark-mode-1.1.1.tgz",
      "integrity": "sha1-8ImVU6IPDvdD0nZeDF+zHaFCNLU="
    },
    "axios": {
      "version": "0.21.0",
      "resolved": "https://registry.npm.taobao.org/axios/download/axios-0.21.0.tgz",
      "integrity": "sha1-Jt8IiAOiNQ3/LCf5b++Z/klEKso=",
      "requires": {
        "follow-redirects": "^1.10.0"
      }
    },
    "follow-redirects": {
      "version": "1.13.0",
      "resolved": "https://registry.npm.taobao.org/follow-redirects/download/follow-redirects-1.13.0.tgz?cache=0&sync_timestamp=1597058055564&other_urls=https%3A%2F%2Fregistry.npm.taobao.org%2Ffollow-redirects%2Fdownload%2Ffollow-redirects-1.13.0.tgz",
      "integrity": "sha1-tC6Nk6Kn7qXtiGM2dtZZe8jjhNs="
    }
  }
}
